
Microsoft Visual Studio Solution File, Format Version 12.00
# Visual Studio 15
VisualStudioVersion = 15.0.28307.539
MinimumVisualStudioVersion = 10.0.40219.1
Project("{9A19103F-16F7-4668-BE54-9A1E7A4F7556}") = "RCP", "RCP\RCP.csproj", "{D527D31C-17BA-4E46-AE52-E41893BD518C}"
EndProject
Global
	GlobalSection(SolutionConfigurationPlatforms) = preSolution
		Debug|Any CPU = Debug|Any CPU
		Release|Any CPU = Release|Any CPU
	EndGlobalSection
	GlobalSection(ProjectConfigurationPlatforms) = postSolution
		{D527D31C-17BA-4E46-AE52-E41893BD518C}.Debug|Any CPU.ActiveCfg = Debug|Any CPU
		{D527D31C-17BA-4E46-AE52-E41893BD518C}.Debug|Any CPU.Build.0 = Debug|Any CPU
		{D527D31C-17BA-4E46-AE52-E41893BD518C}.Release|Any CPU.ActiveCfg = Release|Any CPU
		{D527D31C-17BA-4E46-AE52-E41893BD518C}.Release|Any CPU.Build.0 = Release|Any CPU
	EndGlobalSection
	GlobalSection(SolutionProperties) = preSolution
		HideSolutionNode = FALSE
	EndGlobalSection
	GlobalSection(ExtensibilityGlobals) = postSolution
		SolutionGuid = {7A088407-2D63-40A7-8DCB-33888BC73DFC}
	EndGlobalSection
EndGlobal
